
Microsoft Visual Studio Solution File, Format Version 12.00
# Visual Studio 15
VisualStudioVersion = 15.0.27130.2036
MinimumVisualStudioVersion = 10.0.40219.1
Project("{FAE04EC0-301F-11D3-BF4B-00C04F79EFBC}") = "KesMemorija", "KesMemorija\KesMemorija.csproj", "{3FC7EEB4-E739-4221-B12B-559724836409}"
EndProject
Project("{FAE04EC0-301F-11D3-BF4B-00C04F79EFBC}") = "Tests", "Tests\Tests.csproj", "{0A18CF1F-9EC0-4138-BBDA-A8B60C81FEF7}"
EndProject
Global
	GlobalSection(SolutionConfigurationPlatforms) = preSolution
		Debug|Any CPU = Debug|Any CPU
		Release|Any CPU = Release|Any CPU
	EndGlobalSection
	GlobalSection(ProjectConfigurationPlatforms) = postSolution
		{3FC7EEB4-E739-4221-B12B-559724836409}.Debug|Any CPU.ActiveCfg = Debug|Any CPU
		{3FC7EEB4-E739-4221-B12B-559724836409}.Debug|Any CPU.Build.0 = Debug|Any CPU
		{3FC7EEB4-E739-4221-B12B-559724836409}.Release|Any CPU.ActiveCfg = Release|Any CPU
		{3FC7EEB4-E739-4221-B12B-559724836409}.Release|Any CPU.Build.0 = Release|Any CPU
		{0A18CF1F-9EC0-4138-BBDA-A8B60C81FEF7}.Debug|Any CPU.ActiveCfg = Debug|Any CPU
		{0A18CF1F-9EC0-4138-BBDA-A8B60C81FEF7}.Debug|Any CPU.Build.0 = Debug|Any CPU
		{0A18CF1F-9EC0-4138-BBDA-A8B60C81FEF7}.Release|Any CPU.ActiveCfg = Release|Any CPU
		{0A18CF1F-9EC0-4138-BBDA-A8B60C81FEF7}.Release|Any CPU.Build.0 = Release|Any CPU
	EndGlobalSection
	GlobalSection(SolutionProperties) = preSolution
		HideSolutionNode = FALSE
	EndGlobalSection
	GlobalSection(ExtensibilityGlobals) = postSolution
		SolutionGuid = {DA9C696C-BC27-4C9A-A7F5-2860C5D9401F}
	EndGlobalSection
EndGlobal
